
Microsoft Visual Studio Solution File, Format Version 12.00
# Visual Studio Version 17
VisualStudioVersion = 17.4.33205.214
MinimumVisualStudioVersion = 10.0.40219.1
Project("{FAE04EC0-301F-11D3-BF4B-00C04F79EFBC}") = "WinFormsApp1", "WinFormsApp1\WinFormsApp1.csproj", "{63B2842A-6B05-414D-BE39-B5363E1C6C42}"
EndProject
Global
	GlobalSection(SolutionConfigurationPlatforms) = preSolution
		Debug|Any CPU = Debug|Any CPU
		Release|Any CPU = Release|Any CPU
	EndGlobalSection
	GlobalSection(ProjectConfigurationPlatforms) = postSolution
		{63B2842A-6B05-414D-BE39-B5363E1C6C42}.Debug|Any CPU.ActiveCfg = Debug|Any CPU
		{63B2842A-6B05-414D-BE39-B5363E1C6C42}.Debug|Any CPU.Build.0 = Debug|Any CPU
		{63B2842A-6B05-414D-BE39-B5363E1C6C42}.Release|Any CPU.ActiveCfg = Release|Any CPU
		{63B2842A-6B05-414D-BE39-B5363E1C6C42}.Release|Any CPU.Build.0 = Release|Any CPU
	EndGlobalSection
	GlobalSection(SolutionProperties) = preSolution
		HideSolutionNode = FALSE
	EndGlobalSection
	GlobalSection(ExtensibilityGlobals) = postSolution
		SolutionGuid = {53629A50-4F7D-488D-9FCE-A1C844DC7B1A}
	EndGlobalSection
EndGlobal
